
Microsoft Visual Studio Solution File, Format Version 12.00
Project("{FAE04EC0-301F-11D3-BF4B-00C04F79EFBC}") = "Benchmarks", "Benchmarks\Benchmarks.csproj", "{5F1F64F1-D7E1-468B-9C4D-B436EEB6DF51}"
EndProject
Project("{2150E333-8FDC-42A3-9474-1A3956D46DE8}") = "Solution Files", "Solution Files", "{5DA9C2AC-A8B6-44E9-90B8-E9400D0C2B5B}"
	ProjectSection(SolutionItems) = preProject
		readme.md = readme.md
	EndProjectSection
EndProject
Global
	GlobalSection(SolutionConfigurationPlatforms) = preSolution
		Debug|Any CPU = Debug|Any CPU
		Release|Any CPU = Release|Any CPU
	EndGlobalSection
	GlobalSection(ProjectConfigurationPlatforms) = postSolution
		{5F1F64F1-D7E1-468B-9C4D-B436EEB6DF51}.Debug|Any CPU.ActiveCfg = Debug|Any CPU
		{5F1F64F1-D7E1-468B-9C4D-B436EEB6DF51}.Debug|Any CPU.Build.0 = Debug|Any CPU
		{5F1F64F1-D7E1-468B-9C4D-B436EEB6DF51}.Release|Any CPU.ActiveCfg = Release|Any CPU
		{5F1F64F1-D7E1-468B-9C4D-B436EEB6DF51}.Release|Any CPU.Build.0 = Release|Any CPU
	EndGlobalSection
EndGlobal
